{
    "hash": "9f25577183247eafd663e772ba3e72e6",
    "packages": [
        {
            "name": "evenement/evenement",
            "version": "1.0.x-dev",
            "source": {
                "type": "git",
                "url": "https://github.com/igorw/evenement.git",
                "reference": "8b0918f8374327dfed4408fe467980ab41d556dd"
            },
            "dist": {
                "type": "zip",
                "url": "https://api.github.com/repos/igorw/evenement/zipball/8b0918f8374327dfed4408fe467980ab41d556dd",
                "reference": "8b0918f8374327dfed4408fe467980ab41d556dd",
                "shasum": ""
            },
            "require": {
                "php": ">=5.3.0"
            },
            "type": "library",
            "extra": {
                "branch-alias": {
                    "dev-master": "2.0-dev"
                }
            },
            "autoload": {
                "psr-0": {
                    "Evenement": "src"
                }
            },
            "notification-url": "http://packagist.org/downloads/",
            "license": [
                "MIT"
            ],
            "authors": [
                {
                    "name": "Igor Wiedler",
                    "email": "igor@wiedler.ch",
                    "homepage": "http://wiedler.ch/igor/"
                }
            ],
            "description": "Événement is a very simple event dispatching library for PHP 5.3",
            "keywords": [
                "event-dispatcher"
            ],
            "time": "2012-12-29 17:04:52"
        },
        {
            "name": "guzzle/parser",
            "version": "dev-master",
            "target-dir": "Guzzle/Parser",
            "source": {
                "type": "git",
                "url": "https://github.com/guzzle/parser.git",
                "reference": "v3.3.1"
            },
            "dist": {
                "type": "zip",
                "url": "https://api.github.com/repos/guzzle/parser/zipball/v3.3.1",
                "reference": "v3.3.1",
                "shasum": ""
            },
            "require": {
                "php": ">=5.3.2"
            },
            "type": "library",
            "extra": {
                "branch-alias": {
                    "dev-master": "3.3-dev"
                }
            },
            "autoload": {
                "psr-0": {
                    "Guzzle\\Parser": ""
                }
            },
            "notification-url": "https://packagist.org/downloads/",
            "license": [
                "MIT"
            ],
            "description": "Interchangeable parsers used by Guzzle",
            "homepage": "http://guzzlephp.org/",
            "keywords": [
                "URI Template",
                "cookie",
                "http",
                "message",
                "url"
            ],
            "time": "2013-03-07 22:13:59"
        },
        {
            "name": "react/curry",
            "version": "v1.1.1",
            "source": {
                "type": "git",
                "url": "https://github.com/reactphp/curry",
                "reference": "v1.1.1"
            },
            "dist": {
                "type": "zip",
                "url": "https://github.com/reactphp/curry/archive/v1.1.1.zip",
                "reference": "v1.1.1",
                "shasum": ""
            },
            "require": {
                "php": ">=5.3.2"
            },
            "type": "library",
            "extra": {
                "branch-alias": {
                    "dev-master": "1.0-dev"
                }
            },
            "autoload": {
                "psr-0": {
                    "React\\Curry": "src"
                },
                "files": [
                    "src/React/Curry/functions.php"
                ]
            },
            "notification-url": "https://packagist.org/downloads/",
            "license": [
                "MIT"
            ],
            "description": "Partial function application.",
            "keywords": [
                "curry",
                "currying",
                "functional-programming"
            ],
            "time": "2013-01-04 17:21:07"
        },
        {
            "name": "react/promise",
            "version": "dev-master",
            "source": {
                "type": "git",
                "url": "https://github.com/reactphp/promise.git",
                "reference": "fea160d4771d1c6d5cf55c7d49a69793617bd14d"
            },
            "dist": {
                "type": "zip",
                "url": "https://api.github.com/repos/reactphp/promise/zipball/fea160d4771d1c6d5cf55c7d49a69793617bd14d",
                "reference": "fea160d4771d1c6d5cf55c7d49a69793617bd14d",
                "shasum": ""
            },
            "require": {
                "php": ">=5.3.3"
            },
            "type": "library",
            "extra": {
                "branch-alias": {
                    "dev-master": "1.0-dev"
                }
            },
            "autoload": {
                "psr-0": {
                    "React\\Promise": "src/"
                }
            },
            "notification-url": "http://packagist.org/downloads/",
            "license": [
                "MIT"
            ],
            "authors": [
                {
                    "name": "Jan Sorgalla",
                    "email": "jsorgalla@googlemail.com",
                    "homepage": "http://sorgalla.com",
                    "role": "maintainer"
                }
            ],
            "description": "A lightweight implementation of CommonJS Promises/A for PHP",
            "time": "2013-01-21 20:56:57"
        },
        {
            "name": "react/react",
            "version": "0.3.x-dev",
            "source": {
                "type": "git",
                "url": "https://github.com/reactphp/react.git",
                "reference": "28c71d79d00e8fddbc237e03c417a5751ccbb662"
            },
            "dist": {
                "type": "zip",
                "url": "https://api.github.com/repos/reactphp/react/zipball/28c71d79d00e8fddbc237e03c417a5751ccbb662",
                "reference": "28c71d79d00e8fddbc237e03c417a5751ccbb662",
                "shasum": ""
            },
            "require": {
                "evenement/evenement": "1.0.*",
                "guzzle/parser": ">=3.0,<4.0",
                "php": ">=5.3.3",
                "react/promise": ">=1.0,<2.0"
            },
            "replace": {
                "react/cache": "self.version",
                "react/dns": "self.version",
                "react/event-loop": "self.version",
                "react/http": "self.version",
                "react/http-client": "self.version",
                "react/socket": "self.version",
                "react/socket-client": "self.version",
                "react/stream": "self.version"
            },
            "require-dev": {
                "ext-libev": "*",
                "ext-libevent": "*"
            },
            "type": "library",
            "extra": {
                "branch-alias": {
                    "dev-master": "0.3-dev"
                }
            },
            "autoload": {
                "psr-0": {
                    "React": "src"
                }
            },
            "notification-url": "http://packagist.org/downloads/",
            "license": [
                "MIT"
            ],
            "description": "Nuclear Reactor written in PHP.",
            "keywords": [
                "event-loop",
                "reactor"
            ],
            "time": "2013-02-24 20:55:02"
        }
    ],
    "packages-dev": [

    ],
    "aliases": [

    ],
    "minimum-stability": "dev",
    "stability-flags": {
        "react/react": 20,
        "react/promise": 20
    },
    "platform": {
        "php": ">=5.3.3"
    },
    "platform-dev": [

    ]
}
